
Microsoft Visual Studio Solution File, Format Version 12.00
# Visual Studio Version 17
VisualStudioVersion = 17.14.36414.22
MinimumVisualStudioVersion = 10.0.40219.1
Project("{FAE04EC0-301F-11D3-BF4B-00C04F79EFBC}") = "ShopTARgv24", "ShopTARgv24\ShopTARgv24.csproj", "{445B9BAC-B3D4-403F-939E-7E4CBA858008}"
EndProject
Project("{FAE04EC0-301F-11D3-BF4B-00C04F79EFBC}") = "ShopTARgv24.ApplicationServices", "ShopTARgv24.ApplicationServices\ShopTARgv24.ApplicationServices.csproj", "{62EF24B7-7ADF-42E1-B9A3-5E54C5AFE411}"
EndProject
Project("{FAE04EC0-301F-11D3-BF4B-00C04F79EFBC}") = "ShopTARgv24.Core", "ShopTARgv24.Core\ShopTARgv24.Core.csproj", "{E91465A6-104E-4544-83AB-2F0CA2ACEE1E}"
EndProject
Project("{FAE04EC0-301F-11D3-BF4B-00C04F79EFBC}") = "ShopTARgv24.Data", "ShopTARgv24.Data\ShopTARgv24.Data.csproj", "{AEF75069-8D87-4E7B-B64A-BE58F0ED9F92}"
EndProject
Global
	GlobalSection(SolutionConfigurationPlatforms) = preSolution
		Debug|Any CPU = Debug|Any CPU
		Release|Any CPU = Release|Any CPU
	EndGlobalSection
	GlobalSection(ProjectConfigurationPlatforms) = postSolution
		{445B9BAC-B3D4-403F-939E-7E4CBA858008}.Debug|Any CPU.ActiveCfg = Debug|Any CPU
		{445B9BAC-B3D4-403F-939E-7E4CBA858008}.Debug|Any CPU.Build.0 = Debug|Any CPU
		{445B9BAC-B3D4-403F-939E-7E4CBA858008}.Release|Any CPU.ActiveCfg = Release|Any CPU
		{445B9BAC-B3D4-403F-939E-7E4CBA858008}.Release|Any CPU.Build.0 = Release|Any CPU
		{62EF24B7-7ADF-42E1-B9A3-5E54C5AFE411}.Debug|Any CPU.ActiveCfg = Debug|Any CPU
		{62EF24B7-7ADF-42E1-B9A3-5E54C5AFE411}.Debug|Any CPU.Build.0 = Debug|Any CPU
		{62EF24B7-7ADF-42E1-B9A3-5E54C5AFE411}.Release|Any CPU.ActiveCfg = Release|Any CPU
		{62EF24B7-7ADF-42E1-B9A3-5E54C5AFE411}.Release|Any CPU.Build.0 = Release|Any CPU
		{E91465A6-104E-4544-83AB-2F0CA2ACEE1E}.Debug|Any CPU.ActiveCfg = Debug|Any CPU
		{E91465A6-104E-4544-83AB-2F0CA2ACEE1E}.Debug|Any CPU.Build.0 = Debug|Any CPU
		{E91465A6-104E-4544-83AB-2F0CA2ACEE1E}.Release|Any CPU.ActiveCfg = Release|Any CPU
		{E91465A6-104E-4544-83AB-2F0CA2ACEE1E}.Release|Any CPU.Build.0 = Release|Any CPU
		{AEF75069-8D87-4E7B-B64A-BE58F0ED9F92}.Debug|Any CPU.ActiveCfg = Debug|Any CPU
		{AEF75069-8D87-4E7B-B64A-BE58F0ED9F92}.Debug|Any CPU.Build.0 = Debug|Any CPU
		{AEF75069-8D87-4E7B-B64A-BE58F0ED9F92}.Release|Any CPU.ActiveCfg = Release|Any CPU
		{AEF75069-8D87-4E7B-B64A-BE58F0ED9F92}.Release|Any CPU.Build.0 = Release|Any CPU
	EndGlobalSection
	GlobalSection(SolutionProperties) = preSolution
		HideSolutionNode = FALSE
	EndGlobalSection
	GlobalSection(ExtensibilityGlobals) = postSolution
		SolutionGuid = {5156A7C8-C871-404E-B3D0-8EBB0B3A99D2}
	EndGlobalSection
EndGlobal
